
Microsoft Visual Studio Solution File, Format Version 12.00
# Visual Studio Version 16
VisualStudioVersion = 16.0.29920.165
MinimumVisualStudioVersion = 10.0.40219.1
Project("{FAE04EC0-301F-11D3-BF4B-00C04F79EFBC}") = "SESUM.Contrasenha", "SESUM.Contrasenha\SESUM.Contrasenha.csproj", "{33BC4DE8-FD04-4750-AF84-ABAEEB714928}"
EndProject
Global
	GlobalSection(SolutionConfigurationPlatforms) = preSolution
		Debug|Any CPU = Debug|Any CPU
		Release|Any CPU = Release|Any CPU
	EndGlobalSection
	GlobalSection(ProjectConfigurationPlatforms) = postSolution
		{33BC4DE8-FD04-4750-AF84-ABAEEB714928}.Debug|Any CPU.ActiveCfg = Debug|Any CPU
		{33BC4DE8-FD04-4750-AF84-ABAEEB714928}.Debug|Any CPU.Build.0 = Debug|Any CPU
		{33BC4DE8-FD04-4750-AF84-ABAEEB714928}.Release|Any CPU.ActiveCfg = Release|Any CPU
		{33BC4DE8-FD04-4750-AF84-ABAEEB714928}.Release|Any CPU.Build.0 = Release|Any CPU
	EndGlobalSection
	GlobalSection(SolutionProperties) = preSolution
		HideSolutionNode = FALSE
	EndGlobalSection
	GlobalSection(ExtensibilityGlobals) = postSolution
		SolutionGuid = {66385E16-3DB3-4775-BF68-6DB141DEE103}
	EndGlobalSection
EndGlobal
